
Microsoft Visual Studio Solution File, Format Version 12.00
# Visual Studio Version 17
VisualStudioVersion = 17.10.35027.167
MinimumVisualStudioVersion = 10.0.40219.1
Project("{FAE04EC0-301F-11D3-BF4B-00C04F79EFBC}") = "StellaAccessories", "StellaAccessories.csproj", "{2B78BB3E-6D97-4EE1-9DBB-AAF4B1B84C11}"
EndProject
Global
	GlobalSection(SolutionConfigurationPlatforms) = preSolution
		Debug|Any CPU = Debug|Any CPU
		Release|Any CPU = Release|Any CPU
	EndGlobalSection
	GlobalSection(ProjectConfigurationPlatforms) = postSolution
		{2B78BB3E-6D97-4EE1-9DBB-AAF4B1B84C11}.Debug|Any CPU.ActiveCfg = Debug|Any CPU
		{2B78BB3E-6D97-4EE1-9DBB-AAF4B1B84C11}.Debug|Any CPU.Build.0 = Debug|Any CPU
		{2B78BB3E-6D97-4EE1-9DBB-AAF4B1B84C11}.Release|Any CPU.ActiveCfg = Release|Any CPU
		{2B78BB3E-6D97-4EE1-9DBB-AAF4B1B84C11}.Release|Any CPU.Build.0 = Release|Any CPU
	EndGlobalSection
	GlobalSection(SolutionProperties) = preSolution
		HideSolutionNode = FALSE
	EndGlobalSection
	GlobalSection(ExtensibilityGlobals) = postSolution
		SolutionGuid = {A9EB301F-B21D-4767-A4CE-B909383D5FC2}
	EndGlobalSection
EndGlobal
